
Microsoft Visual Studio Solution File, Format Version 12.00
# Visual Studio Version 17
VisualStudioVersion = 17.13.35919.96 d17.13
MinimumVisualStudioVersion = 10.0.40219.1
Project("{FAE04EC0-301F-11D3-BF4B-00C04F79EFBC}") = "SnowClient", "SnowClient\SnowClient.csproj", "{D962182F-E6C0-49EF-A4D5-6F30C7F22FD0}"
EndProject
Global
	GlobalSection(SolutionConfigurationPlatforms) = preSolution
		Debug|Any CPU = Debug|Any CPU
		Release|Any CPU = Release|Any CPU
	EndGlobalSection
	GlobalSection(ProjectConfigurationPlatforms) = postSolution
		{D962182F-E6C0-49EF-A4D5-6F30C7F22FD0}.Debug|Any CPU.ActiveCfg = Debug|Any CPU
		{D962182F-E6C0-49EF-A4D5-6F30C7F22FD0}.Debug|Any CPU.Build.0 = Debug|Any CPU
		{D962182F-E6C0-49EF-A4D5-6F30C7F22FD0}.Release|Any CPU.ActiveCfg = Release|Any CPU
		{D962182F-E6C0-49EF-A4D5-6F30C7F22FD0}.Release|Any CPU.Build.0 = Release|Any CPU
	EndGlobalSection
	GlobalSection(SolutionProperties) = preSolution
		HideSolutionNode = FALSE
	EndGlobalSection
	GlobalSection(ExtensibilityGlobals) = postSolution
		SolutionGuid = {95AB792B-6221-454A-A53A-A604FF44C97A}
	EndGlobalSection
EndGlobal
